
Microsoft Visual Studio Solution File, Format Version 12.00
# Visual Studio Version 17
VisualStudioVersion = 17.7.34031.279
MinimumVisualStudioVersion = 10.0.40219.1
Project("{FAE04EC0-301F-11D3-BF4B-00C04F79EFBC}") = "task25_10", "task25_10\task25_10.csproj", "{75D77113-5824-4BB1-816B-68A4FA4452F2}"
EndProject
Global
	GlobalSection(SolutionConfigurationPlatforms) = preSolution
		Debug|Any CPU = Debug|Any CPU
		Release|Any CPU = Release|Any CPU
	EndGlobalSection
	GlobalSection(ProjectConfigurationPlatforms) = postSolution
		{75D77113-5824-4BB1-816B-68A4FA4452F2}.Debug|Any CPU.ActiveCfg = Debug|Any CPU
		{75D77113-5824-4BB1-816B-68A4FA4452F2}.Debug|Any CPU.Build.0 = Debug|Any CPU
		{75D77113-5824-4BB1-816B-68A4FA4452F2}.Release|Any CPU.ActiveCfg = Release|Any CPU
		{75D77113-5824-4BB1-816B-68A4FA4452F2}.Release|Any CPU.Build.0 = Release|Any CPU
	EndGlobalSection
	GlobalSection(SolutionProperties) = preSolution
		HideSolutionNode = FALSE
	EndGlobalSection
	GlobalSection(ExtensibilityGlobals) = postSolution
		SolutionGuid = {3046966B-DE85-46B7-BDBF-E8336FC7FC13}
	EndGlobalSection
EndGlobal
